
Microsoft Visual Studio Solution File, Format Version 12.00
# Visual Studio 15
VisualStudioVersion = 15.0.28307.1705
MinimumVisualStudioVersion = 10.0.40219.1
Project("{FAE04EC0-301F-11D3-BF4B-00C04F79EFBC}") = "EquipmentManagerment", "EquipmentManagerment\EquipmentManagerment.csproj", "{E58356D4-4C2C-4679-8C8F-1D48CB1B6D25}"
EndProject
Global
	GlobalSection(SolutionConfigurationPlatforms) = preSolution
		Debug|Any CPU = Debug|Any CPU
		Release|Any CPU = Release|Any CPU
	EndGlobalSection
	GlobalSection(ProjectConfigurationPlatforms) = postSolution
		{E58356D4-4C2C-4679-8C8F-1D48CB1B6D25}.Debug|Any CPU.ActiveCfg = Debug|Any CPU
		{E58356D4-4C2C-4679-8C8F-1D48CB1B6D25}.Debug|Any CPU.Build.0 = Debug|Any CPU
		{E58356D4-4C2C-4679-8C8F-1D48CB1B6D25}.Release|Any CPU.ActiveCfg = Release|Any CPU
		{E58356D4-4C2C-4679-8C8F-1D48CB1B6D25}.Release|Any CPU.Build.0 = Release|Any CPU
	EndGlobalSection
	GlobalSection(SolutionProperties) = preSolution
		HideSolutionNode = FALSE
	EndGlobalSection
	GlobalSection(ExtensibilityGlobals) = postSolution
		SolutionGuid = {5FE7254C-A016-490A-B126-8ED271B029D8}
	EndGlobalSection
EndGlobal
